// !$*UTF8*$!
{
	archiveVersion = 1;
	classes = {
	};
	objectVersion = 56;
	objects = {

/* Begin PBXBuildFile section */
		417DC6E82C43DA19006DEFF6 /* AppDelegate.swift in Sources */ = {isa = PBXBuildFile; fileRef = 417DC6E72C43DA19006DEFF6 /* AppDelegate.swift */; };
		417DC6EA2C43DA19006DEFF6 /* SceneDelegate.swift in Sources */ = {isa = PBXBuildFile; fileRef = 417DC6E92C43DA19006DEFF6 /* SceneDelegate.swift */; };
		417DC6F12C43DA19006DEFF6 /* Assets.xcassets in Resources */ = {isa = PBXBuildFile; fileRef = 417DC6F02C43DA19006DEFF6 /* Assets.xcassets */; };
		417DC6F42C43DA19006DEFF6 /* Base in Resources */ = {isa = PBXBuildFile; fileRef = 417DC6F32C43DA19006DEFF6 /* Base */; };
		417DC6FF2C43DA19006DEFF6 /* CoordinatorPattern_Sample1Tests.swift in Sources */ = {isa = PBXBuildFile; fileRef = 417DC6FE2C43DA19006DEFF6 /* CoordinatorPattern_Sample1Tests.swift */; };
		417DC7092C43DA19006DEFF6 /* CoordinatorPattern_Sample1UITests.swift in Sources */ = {isa = PBXBuildFile; fileRef = 417DC7082C43DA19006DEFF6 /* CoordinatorPattern_Sample1UITests.swift */; };
		417DC70B2C43DA19006DEFF6 /* CoordinatorPattern_Sample1UITestsLaunchTests.swift in Sources */ = {isa = PBXBuildFile; fileRef = 417DC70A2C43DA19006DEFF6 /* CoordinatorPattern_Sample1UITestsLaunchTests.swift */; };
		417DC7192C43DA32006DEFF6 /* Coordinator.swift in Sources */ = {isa = PBXBuildFile; fileRef = 417DC7182C43DA32006DEFF6 /* Coordinator.swift */; };
		417DC71B2C43DA3E006DEFF6 /* AppCoordinator.swift in Sources */ = {isa = PBXBuildFile; fileRef = 417DC71A2C43DA3E006DEFF6 /* AppCoordinator.swift */; };
		417DC71E2C43DA54006DEFF6 /* NextViewCoordinator.swift in Sources */ = {isa = PBXBuildFile; fileRef = 417DC71D2C43DA54006DEFF6 /* NextViewCoordinator.swift */; };
		417DC7202C43DA5C006DEFF6 /* NextViewController.swift in Sources */ = {isa = PBXBuildFile; fileRef = 417DC71F2C43DA5C006DEFF6 /* NextViewController.swift */; };
		417DC7232C43DA79006DEFF6 /* MainViewController.swift in Sources */ = {isa = PBXBuildFile; fileRef = 417DC7222C43DA79006DEFF6 /* MainViewController.swift */; };
		417DC7252C43DA80006DEFF6 /* MainViewCoordinator.swift in Sources */ = {isa = PBXBuildFile; fileRef = 417DC7242C43DA80006DEFF6 /* MainViewCoordinator.swift */; };
		417DC7282C43DAA2006DEFF6 /* SnapKit in Frameworks */ = {isa = PBXBuildFile; productRef = 417DC7272C43DAA2006DEFF6 /* SnapKit */; };
		417DC72B2C43DABD006DEFF6 /* LoginViewCoordinator.swift in Sources */ = {isa = PBXBuildFile; fileRef = 417DC72A2C43DABD006DEFF6 /* LoginViewCoordinator.swift */; };
		417DC72D2C43DAC4006DEFF6 /* LoginViewController.swift in Sources */ = {isa = PBXBuildFile; fileRef = 417DC72C2C43DAC4006DEFF6 /* LoginViewController.swift */; };
/* End PBXBuildFile section */

/* Begin PBXContainerItemProxy section */
		417DC6FB2C43DA19006DEFF6 /* PBXContainerItemProxy */ = {
			isa = PBXContainerItemProxy;
			containerPortal = 417DC6DC2C43DA19006DEFF6 /* Project object */;
			proxyType = 1;
			remoteGlobalIDString = 417DC6E32C43DA19006DEFF6;
			remoteInfo = CoordinatorPattern_Sample1;
		};
		417DC7052C43DA19006DEFF6 /* PBXContainerItemProxy */ = {
			isa = PBXContainerItemProxy;
			containerPortal = 417DC6DC2C43DA19006DEFF6 /* Project object */;
			proxyType = 1;
			remoteGlobalIDString = 417DC6E32C43DA19006DEFF6;
			remoteInfo = CoordinatorPattern_Sample1;
		};
/* End PBXContainerItemProxy section */

/* Begin PBXFileReference section */
		417DC6E42C43DA19006DEFF6 /* CoordinatorPattern_Sample1.app */ = {isa = PBXFileReference; explicitFileType = wrapper.application; includeInIndex = 0; path = CoordinatorPattern_Sample1.app; sourceTree = BUILT_PRODUCTS_DIR; };
		417DC6E72C43DA19006DEFF6 /* AppDelegate.swift */ = {isa = PBXFileReference; lastKnownFileType = sourcecode.swift; path = AppDelegate.swift; sourceTree = "<group>"; };
		417DC6E92C43DA19006DEFF6 /* SceneDelegate.swift */ = {isa = PBXFileReference; lastKnownFileType = sourcecode.swift; path = SceneDelegate.swift; sourceTree = "<group>"; };
		417DC6F02C43DA19006DEFF6 /* Assets.xcassets */ = {isa = PBXFileReference; lastKnownFileType = folder.assetcatalog; path = Assets.xcassets; sourceTree = "<group>"; };
		417DC6F32C43DA19006DEFF6 /* Base */ = {isa = PBXFileReference; lastKnownFileType = file.storyboard; name = Base; path = Base.lproj/LaunchScreen.storyboard; sourceTree = "<group>"; };
		417DC6F52C43DA19006DEFF6 /* Info.plist */ = {isa = PBXFileReference; lastKnownFileType = text.plist.xml; path = Info.plist; sourceTree = "<group>"; };
		417DC6FA2C43DA19006DEFF6 /* CoordinatorPattern_Sample1Tests.xctest */ = {isa = PBXFileReference; explicitFileType = wrapper.cfbundle; includeInIndex = 0; path = CoordinatorPattern_Sample1Tests.xctest; sourceTree = BUILT_PRODUCTS_DIR; };
		417DC6FE2C43DA19006DEFF6 /* CoordinatorPattern_Sample1Tests.swift */ = {isa = PBXFileReference; lastKnownFileType = sourcecode.swift; path = CoordinatorPattern_Sample1Tests.swift; sourceTree = "<group>"; };
		417DC7042C43DA19006DEFF6 /* CoordinatorPattern_Sample1UITests.xctest */ = {isa = PBXFileReference; explicitFileType = wrapper.cfbundle; includeInIndex = 0; path = CoordinatorPattern_Sample1UITests.xctest; sourceTree = BUILT_PRODUCTS_DIR; };
		417DC7082C43DA19006DEFF6 /* CoordinatorPattern_Sample1UITests.swift */ = {isa = PBXFileReference; lastKnownFileType = sourcecode.swift; path = CoordinatorPattern_Sample1UITests.swift; sourceTree = "<group>"; };
		417DC70A2C43DA19006DEFF6 /* CoordinatorPattern_Sample1UITestsLaunchTests.swift */ = {isa = PBXFileReference; lastKnownFileType = sourcecode.swift; path = CoordinatorPattern_Sample1UITestsLaunchTests.swift; sourceTree = "<group>"; };
		417DC7182C43DA32006DEFF6 /* Coordinator.swift */ = {isa = PBXFileReference; lastKnownFileType = sourcecode.swift; path = Coordinator.swift; sourceTree = "<group>"; };
		417DC71A2C43DA3E006DEFF6 /* AppCoordinator.swift */ = {isa = PBXFileReference; lastKnownFileType = sourcecode.swift; path = AppCoordinator.swift; sourceTree = "<group>"; };
		417DC71D2C43DA54006DEFF6 /* NextViewCoordinator.swift */ = {isa = PBXFileReference; lastKnownFileType = sourcecode.swift; path = NextViewCoordinator.swift; sourceTree = "<group>"; };
		417DC71F2C43DA5C006DEFF6 /* NextViewController.swift */ = {isa = PBXFileReference; lastKnownFileType = sourcecode.swift; path = NextViewController.swift; sourceTree = "<group>"; };
		417DC7222C43DA79006DEFF6 /* MainViewController.swift */ = {isa = PBXFileReference; lastKnownFileType = sourcecode.swift; path = MainViewController.swift; sourceTree = "<group>"; };
		417DC7242C43DA80006DEFF6 /* MainViewCoordinator.swift */ = {isa = PBXFileReference; lastKnownFileType = sourcecode.swift; path = MainViewCoordinator.swift; sourceTree = "<group>"; };
		417DC72A2C43DABD006DEFF6 /* LoginViewCoordinator.swift */ = {isa = PBXFileReference; lastKnownFileType = sourcecode.swift; path = LoginViewCoordinator.swift; sourceTree = "<group>"; };
		417DC72C2C43DAC4006DEFF6 /* LoginViewController.swift */ = {isa = PBXFileReference; lastKnownFileType = sourcecode.swift; path = LoginViewController.swift; sourceTree = "<group>"; };
/* End PBXFileReference section */

/* Begin PBXFrameworksBuildPhase section */
		417DC6E12C43DA19006DEFF6 /* Frameworks */ = {
			isa = PBXFrameworksBuildPhase;
			buildActionMask = 2147483647;
			files = (
				417DC7282C43DAA2006DEFF6 /* SnapKit in Frameworks */,
			);
			runOnlyForDeploymentPostprocessing = 0;
		};
		417DC6F72C43DA19006DEFF6 /* Frameworks */ = {
			isa = PBXFrameworksBuildPhase;
			buildActionMask = 2147483647;
			files = (
			);
			runOnlyForDeploymentPostprocessing = 0;
		};
		417DC7012C43DA19006DEFF6 /* Frameworks */ = {
			isa = PBXFrameworksBuildPhase;
			buildActionMask = 2147483647;
			files = (
			);
			runOnlyForDeploymentPostprocessing = 0;
		};
/* End PBXFrameworksBuildPhase section */

/* Begin PBXGroup section */
		417DC6DB2C43DA19006DEFF6 = {
			isa = PBXGroup;
			children = (
				417DC6E62C43DA19006DEFF6 /* CoordinatorPattern_Sample1 */,
				417DC6FD2C43DA19006DEFF6 /* CoordinatorPattern_Sample1Tests */,
				417DC7072C43DA19006DEFF6 /* CoordinatorPattern_Sample1UITests */,
				417DC6E52C43DA19006DEFF6 /* Products */,
			);
			sourceTree = "<group>";
		};
		417DC6E52C43DA19006DEFF6 /* Products */ = {
			isa = PBXGroup;
			children = (
				417DC6E42C43DA19006DEFF6 /* CoordinatorPattern_Sample1.app */,
				417DC6FA2C43DA19006DEFF6 /* CoordinatorPattern_Sample1Tests.xctest */,
				417DC7042C43DA19006DEFF6 /* CoordinatorPattern_Sample1UITests.xctest */,
			);
			name = Products;
			sourceTree = "<group>";
		};
		417DC6E62C43DA19006DEFF6 /* CoordinatorPattern_Sample1 */ = {
			isa = PBXGroup;
			children = (
				417DC7292C43DAB5006DEFF6 /* LoginView */,
				417DC7212C43DA72006DEFF6 /* MainView */,
				417DC71C2C43DA48006DEFF6 /* NextView */,
				417DC7172C43DA2A006DEFF6 /* Coordinator */,
				417DC72E2C43DB2E006DEFF6 /* App */,
				417DC6F02C43DA19006DEFF6 /* Assets.xcassets */,
				417DC6F22C43DA19006DEFF6 /* LaunchScreen.storyboard */,
				417DC6F52C43DA19006DEFF6 /* Info.plist */,
			);
			path = CoordinatorPattern_Sample1;
			sourceTree = "<group>";
		};
		417DC6FD2C43DA19006DEFF6 /* CoordinatorPattern_Sample1Tests */ = {
			isa = PBXGroup;
			children = (
				417DC6FE2C43DA19006DEFF6 /* CoordinatorPattern_Sample1Tests.swift */,
			);
			path = CoordinatorPattern_Sample1Tests;
			sourceTree = "<group>";
		};
		417DC7072C43DA19006DEFF6 /* CoordinatorPattern_Sample1UITests */ = {
			isa = PBXGroup;
			children = (
				417DC7082C43DA19006DEFF6 /* CoordinatorPattern_Sample1UITests.swift */,
				417DC70A2C43DA19006DEFF6 /* CoordinatorPattern_Sample1UITestsLaunchTests.swift */,
			);
			path = CoordinatorPattern_Sample1UITests;
			sourceTree = "<group>";
		};
		417DC7172C43DA2A006DEFF6 /* Coordinator */ = {
			isa = PBXGroup;
			children = (
				417DC7182C43DA32006DEFF6 /* Coordinator.swift */,
				417DC71A2C43DA3E006DEFF6 /* AppCoordinator.swift */,
			);
			path = Coordinator;
			sourceTree = "<group>";
		};
		417DC71C2C43DA48006DEFF6 /* NextView */ = {
			isa = PBXGroup;
			children = (
				417DC71D2C43DA54006DEFF6 /* NextViewCoordinator.swift */,
				417DC71F2C43DA5C006DEFF6 /* NextViewController.swift */,
			);
			path = NextView;
			sourceTree = "<group>";
		};
		417DC7212C43DA72006DEFF6 /* MainView */ = {
			isa = PBXGroup;
			children = (
				417DC7222C43DA79006DEFF6 /* MainViewController.swift */,
				417DC7242C43DA80006DEFF6 /* MainViewCoordinator.swift */,
			);
			path = MainView;
			sourceTree = "<group>";
		};
		417DC7292C43DAB5006DEFF6 /* LoginView */ = {
			isa = PBXGroup;
			children = (
				417DC72A2C43DABD006DEFF6 /* LoginViewCoordinator.swift */,
				417DC72C2C43DAC4006DEFF6 /* LoginViewController.swift */,
			);
			path = LoginView;
			sourceTree = "<group>";
		};
		417DC72E2C43DB2E006DEFF6 /* App */ = {
			isa = PBXGroup;
			children = (
				417DC6E72C43DA19006DEFF6 /* AppDelegate.swift */,
				417DC6E92C43DA19006DEFF6 /* SceneDelegate.swift */,
			);
			path = App;
			sourceTree = "<group>";
		};
/* End PBXGroup section */

/* Begin PBXNativeTarget section */
		417DC6E32C43DA19006DEFF6 /* CoordinatorPattern_Sample1 */ = {
			isa = PBXNativeTarget;
			buildConfigurationList = 417DC70E2C43DA1A006DEFF6 /* Build configuration list for PBXNativeTarget "CoordinatorPattern_Sample1" */;
			buildPhases = (
				417DC6E02C43DA19006DEFF6 /* Sources */,
				417DC6E12C43DA19006DEFF6 /* Frameworks */,
				417DC6E22C43DA19006DEFF6 /* Resources */,
			);
			buildRules = (
			);
			dependencies = (
			);
			name = CoordinatorPattern_Sample1;
			packageProductDependencies = (
				417DC7272C43DAA2006DEFF6 /* SnapKit */,
			);
			productName = CoordinatorPattern_Sample1;
			productReference = 417DC6E42C43DA19006DEFF6 /* CoordinatorPattern_Sample1.app */;
			productType = "com.apple.product-type.application";
		};
		417DC6F92C43DA19006DEFF6 /* CoordinatorPattern_Sample1Tests */ = {
			isa = PBXNativeTarget;
			buildConfigurationList = 417DC7112C43DA1A006DEFF6 /* Build configuration list for PBXNativeTarget "CoordinatorPattern_Sample1Tests" */;
			buildPhases = (
				417DC6F62C43DA19006DEFF6 /* Sources */,
				417DC6F72C43DA19006DEFF6 /* Frameworks */,
				417DC6F82C43DA19006DEFF6 /* Resources */,
			);
			buildRules = (
			);
			dependencies = (
				417DC6FC2C43DA19006DEFF6 /* PBXTargetDependency */,
			);
			name = CoordinatorPattern_Sample1Tests;
			productName = CoordinatorPattern_Sample1Tests;
			productReference = 417DC6FA2C43DA19006DEFF6 /* CoordinatorPattern_Sample1Tests.xctest */;
			productType = "com.apple.product-type.bundle.unit-test";
		};
		417DC7032C43DA19006DEFF6 /* CoordinatorPattern_Sample1UITests */ = {
			isa = PBXNativeTarget;
			buildConfigurationList = 417DC7142C43DA1A006DEFF6 /* Build configuration list for PBXNativeTarget "CoordinatorPattern_Sample1UITests" */;
			buildPhases = (
				417DC7002C43DA19006DEFF6 /* Sources */,
				417DC7012C43DA19006DEFF6 /* Frameworks */,
				417DC7022C43DA19006DEFF6 /* Resources */,
			);
			buildRules = (
			);
			dependencies = (
				417DC7062C43DA19006DEFF6 /* PBXTargetDependency */,
			);
			name = CoordinatorPattern_Sample1UITests;
			productName = CoordinatorPattern_Sample1UITests;
			productReference = 417DC7042C43DA19006DEFF6 /* CoordinatorPattern_Sample1UITests.xctest */;
			productType = "com.apple.product-type.bundle.ui-testing";
		};
/* End PBXNativeTarget section */

/* Begin PBXProject section */
		417DC6DC2C43DA19006DEFF6 /* Project object */ = {
			isa = PBXProject;
			attributes = {
				BuildIndependentTargetsInParallel = 1;
				LastSwiftUpdateCheck = 1540;
				LastUpgradeCheck = 1540;
				TargetAttributes = {
					417DC6E32C43DA19006DEFF6 = {
						CreatedOnToolsVersion = 15.4;
					};
					417DC6F92C43DA19006DEFF6 = {
						CreatedOnToolsVersion = 15.4;
						TestTargetID = 417DC6E32C43DA19006DEFF6;
					};
					417DC7032C43DA19006DEFF6 = {
						CreatedOnToolsVersion = 15.4;
						TestTargetID = 417DC6E32C43DA19006DEFF6;
					};
				};
			};
			buildConfigurationList = 417DC6DF2C43DA19006DEFF6 /* Build configuration list for PBXProject "CoordinatorPattern_Sample1" */;
			compatibilityVersion = "Xcode 14.0";
			developmentRegion = en;
			hasScannedForEncodings = 0;
			knownRegions = (
				en,
				Base,
			);
			mainGroup = 417DC6DB2C43DA19006DEFF6;
			packageReferences = (
				417DC7262C43DAA2006DEFF6 /* XCRemoteSwiftPackageReference "SnapKit" */,
			);
			productRefGroup = 417DC6E52C43DA19006DEFF6 /* Products */;
			projectDirPath = "";
			projectRoot = "";
			targets = (
				417DC6E32C43DA19006DEFF6 /* CoordinatorPattern_Sample1 */,
				417DC6F92C43DA19006DEFF6 /* CoordinatorPattern_Sample1Tests */,
				417DC7032C43DA19006DEFF6 /* CoordinatorPattern_Sample1UITests */,
			);
		};
/* End PBXProject section */

/* Begin PBXResourcesBuildPhase section */
		417DC6E22C43DA19006DEFF6 /* Resources */ = {
			isa = PBXResourcesBuildPhase;
			buildActionMask = 2147483647;
			files = (
				417DC6F12C43DA19006DEFF6 /* Assets.xcassets in Resources */,
				417DC6F42C43DA19006DEFF6 /* Base in Resources */,
			);
			runOnlyForDeploymentPostprocessing = 0;
		};
		417DC6F82C43DA19006DEFF6 /* Resources */ = {
			isa = PBXResourcesBuildPhase;
			buildActionMask = 2147483647;
			files = (
			);
			runOnlyForDeploymentPostprocessing = 0;
		};
		417DC7022C43DA19006DEFF6 /* Resources */ = {
			isa = PBXResourcesBuildPhase;
			buildActionMask = 2147483647;
			files = (
			);
			runOnlyForDeploymentPostprocessing = 0;
		};
/* End PBXResourcesBuildPhase section */

/* Begin PBXSourcesBuildPhase section */
		417DC6E02C43DA19006DEFF6 /* Sources */ = {
			isa = PBXSourcesBuildPhase;
			buildActionMask = 2147483647;
			files = (
				417DC71E2C43DA54006DEFF6 /* NextViewCoordinator.swift in Sources */,
				417DC7202C43DA5C006DEFF6 /* NextViewController.swift in Sources */,
				417DC7192C43DA32006DEFF6 /* Coordinator.swift in Sources */,
				417DC72B2C43DABD006DEFF6 /* LoginViewCoordinator.swift in Sources */,
				417DC7252C43DA80006DEFF6 /* MainViewCoordinator.swift in Sources */,
				417DC71B2C43DA3E006DEFF6 /* AppCoordinator.swift in Sources */,
				417DC6E82C43DA19006DEFF6 /* AppDelegate.swift in Sources */,
				417DC6EA2C43DA19006DEFF6 /* SceneDelegate.swift in Sources */,
				417DC7232C43DA79006DEFF6 /* MainViewController.swift in Sources */,
				417DC72D2C43DAC4006DEFF6 /* LoginViewController.swift in Sources */,
			);
			runOnlyForDeploymentPostprocessing = 0;
		};
		417DC6F62C43DA19006DEFF6 /* Sources */ = {
			isa = PBXSourcesBuildPhase;
			buildActionMask = 2147483647;
			files = (
				417DC6FF2C43DA19006DEFF6 /* CoordinatorPattern_Sample1Tests.swift in Sources */,
			);
			runOnlyForDeploymentPostprocessing = 0;
		};
		417DC7002C43DA19006DEFF6 /* Sources */ = {
			isa = PBXSourcesBuildPhase;
			buildActionMask = 2147483647;
			files = (
				417DC70B2C43DA19006DEFF6 /* CoordinatorPattern_Sample1UITestsLaunchTests.swift in Sources */,
				417DC7092C43DA19006DEFF6 /* CoordinatorPattern_Sample1UITests.swift in Sources */,
			);
			runOnlyForDeploymentPostprocessing = 0;
		};
/* End PBXSourcesBuildPhase section */

/* Begin PBXTargetDependency section */
		417DC6FC2C43DA19006DEFF6 /* PBXTargetDependency */ = {
			isa = PBXTargetDependency;
			target = 417DC6E32C43DA19006DEFF6 /* CoordinatorPattern_Sample1 */;
			targetProxy = 417DC6FB2C43DA19006DEFF6 /* PBXContainerItemProxy */;
		};
		417DC7062C43DA19006DEFF6 /* PBXTargetDependency */ = {
			isa = PBXTargetDependency;
			target = 417DC6E32C43DA19006DEFF6 /* CoordinatorPattern_Sample1 */;
			targetProxy = 417DC7052C43DA19006DEFF6 /* PBXContainerItemProxy */;
		};
/* End PBXTargetDependency section */

/* Begin PBXVariantGroup section */
		417DC6F22C43DA19006DEFF6 /* LaunchScreen.storyboard */ = {
			isa = PBXVariantGroup;
			children = (
				417DC6F32C43DA19006DEFF6 /* Base */,
			);
			name = LaunchScreen.storyboard;
			sourceTree = "<group>";
		};
/* End PBXVariantGroup section */

/* Begin XCBuildConfiguration section */
		417DC70C2C43DA1A006DEFF6 /* Debug */ = {
			isa = XCBuildConfiguration;
			buildSettings = {
				ALWAYS_SEARCH_USER_PATHS = NO;
				ASSETCATALOG_COMPILER_GENERATE_SWIFT_ASSET_SYMBOL_EXTENSIONS = YES;
				CLANG_ANALYZER_NONNULL = YES;
				CLANG_ANALYZER_NUMBER_OBJECT_CONVERSION = YES_AGGRESSIVE;
				CLANG_CXX_LANGUAGE_STANDARD = "gnu++20";
				CLANG_ENABLE_MODULES = YES;
				CLANG_ENABLE_OBJC_ARC = YES;
				CLANG_ENABLE_OBJC_WEAK = YES;
				CLANG_WARN_BLOCK_CAPTURE_AUTORELEASING = YES;
				CLANG_WARN_BOOL_CONVERSION = YES;
				CLANG_WARN_COMMA = YES;
				CLANG_WARN_CONSTANT_CONVERSION = YES;
				CLANG_WARN_DEPRECATED_OBJC_IMPLEMENTATIONS = YES;
				CLANG_WARN_DIRECT_OBJC_ISA_USAGE = YES_ERROR;
				CLANG_WARN_DOCUMENTATION_COMMENTS = YES;
				CLANG_WARN_EMPTY_BODY = YES;
				CLANG_WARN_ENUM_CONVERSION = YES;
				CLANG_WARN_INFINITE_RECURSION = YES;
				CLANG_WARN_INT_CONVERSION = YES;
				CLANG_WARN_NON_LITERAL_NULL_CONVERSION = YES;
				CLANG_WARN_OBJC_IMPLICIT_RETAIN_SELF = YES;
				CLANG_WARN_OBJC_LITERAL_CONVERSION = YES;
				CLANG_WARN_OBJC_ROOT_CLASS = YES_ERROR;
				CLANG_WARN_QUOTED_INCLUDE_IN_FRAMEWORK_HEADER = YES;
				CLANG_WARN_RANGE_LOOP_ANALYSIS = YES;
				CLANG_WARN_STRICT_PROTOTYPES = YES;
				CLANG_WARN_SUSPICIOUS_MOVE = YES;
				CLANG_WARN_UNGUARDED_AVAILABILITY = YES_AGGRESSIVE;
				CLANG_WARN_UNREACHABLE_CODE = YES;
				CLANG_WARN__DUPLICATE_METHOD_MATCH = YES;
				COPY_PHASE_STRIP = NO;
				DEBUG_INFORMATION_FORMAT = dwarf;
				ENABLE_STRICT_OBJC_MSGSEND = YES;
				ENABLE_TESTABILITY = YES;
				ENABLE_USER_SCRIPT_SANDBOXING = YES;
				GCC_C_LANGUAGE_STANDARD = gnu17;
				GCC_DYNAMIC_NO_PIC = NO;
				GCC_NO_COMMON_BLOCKS = YES;
				GCC_OPTIMIZATION_LEVEL = 0;
				GCC_PREPROCESSOR_DEFINITIONS = (
					"DEBUG=1",
					"$(inherited)",
				);
				GCC_WARN_64_TO_32_BIT_CONVERSION = YES;
				GCC_WARN_ABOUT_RETURN_TYPE = YES_ERROR;
				GCC_WARN_UNDECLARED_SELECTOR = YES;
				GCC_WARN_UNINITIALIZED_AUTOS = YES_AGGRESSIVE;
				GCC_WARN_UNUSED_FUNCTION = YES;
				GCC_WARN_UNUSED_VARIABLE = YES;
				IPHONEOS_DEPLOYMENT_TARGET = 17.5;
				LOCALIZATION_PREFERS_STRING_CATALOGS = YES;
				MTL_ENABLE_DEBUG_INFO = INCLUDE_SOURCE;
				MTL_FAST_MATH = YES;
				ONLY_ACTIVE_ARCH = YES;
				SDKROOT = iphoneos;
				SWIFT_ACTIVE_COMPILATION_CONDITIONS = "DEBUG $(inherited)";
				SWIFT_OPTIMIZATION_LEVEL = "-Onone";
			};
			name = Debug;
		};
		417DC70D2C43DA1A006DEFF6 /* Release */ = {
			isa = XCBuildConfiguration;
			buildSettings = {
				ALWAYS_SEARCH_USER_PATHS = NO;
				ASSETCATALOG_COMPILER_GENERATE_SWIFT_ASSET_SYMBOL_EXTENSIONS = YES;
				CLANG_ANALYZER_NONNULL = YES;
				CLANG_ANALYZER_NUMBER_OBJECT_CONVERSION = YES_AGGRESSIVE;
				CLANG_CXX_LANGUAGE_STANDARD = "gnu++20";
				CLANG_ENABLE_MODULES = YES;
				CLANG_ENABLE_OBJC_ARC = YES;
				CLANG_ENABLE_OBJC_WEAK = YES;
				CLANG_WARN_BLOCK_CAPTURE_AUTORELEASING = YES;
				CLANG_WARN_BOOL_CONVERSION = YES;
				CLANG_WARN_COMMA = YES;
				CLANG_WARN_CONSTANT_CONVERSION = YES;
				CLANG_WARN_DEPRECATED_OBJC_IMPLEMENTATIONS = YES;
				CLANG_WARN_DIRECT_OBJC_ISA_USAGE = YES_ERROR;
				CLANG_WARN_DOCUMENTATION_COMMENTS = YES;
				CLANG_WARN_EMPTY_BODY = YES;
				CLANG_WARN_ENUM_CONVERSION = YES;
				CLANG_WARN_INFINITE_RECURSION = YES;
				CLANG_WARN_INT_CONVERSION = YES;
				CLANG_WARN_NON_LITERAL_NULL_CONVERSION = YES;
				CLANG_WARN_OBJC_IMPLICIT_RETAIN_SELF = YES;
				CLANG_WARN_OBJC_LITERAL_CONVERSION = YES;
				CLANG_WARN_OBJC_ROOT_CLASS = YES_ERROR;
				CLANG_WARN_QUOTED_INCLUDE_IN_FRAMEWORK_HEADER = YES;
				CLANG_WARN_RANGE_LOOP_ANALYSIS = YES;
				CLANG_WARN_STRICT_PROTOTYPES = YES;
				CLANG_WARN_SUSPICIOUS_MOVE = YES;
				CLANG_WARN_UNGUARDED_AVAILABILITY = YES_AGGRESSIVE;
				CLANG_WARN_UNREACHABLE_CODE = YES;
				CLANG_WARN__DUPLICATE_METHOD_MATCH = YES;
				COPY_PHASE_STRIP = NO;
				DEBUG_INFORMATION_FORMAT = "dwarf-with-dsym";
				ENABLE_NS_ASSERTIONS = NO;
				ENABLE_STRICT_OBJC_MSGSEND = YES;
				ENABLE_USER_SCRIPT_SANDBOXING = YES;
				GCC_C_LANGUAGE_STANDARD = gnu17;
				GCC_NO_COMMON_BLOCKS = YES;
				GCC_WARN_64_TO_32_BIT_CONVERSION = YES;
				GCC_WARN_ABOUT_RETURN_TYPE = YES_ERROR;
				GCC_WARN_UNDECLARED_SELECTOR = YES;
				GCC_WARN_UNINITIALIZED_AUTOS = YES_AGGRESSIVE;
				GCC_WARN_UNUSED_FUNCTION = YES;
				GCC_WARN_UNUSED_VARIABLE = YES;
				IPHONEOS_DEPLOYMENT_TARGET = 17.5;
				LOCALIZATION_PREFERS_STRING_CATALOGS = YES;
				MTL_ENABLE_DEBUG_INFO = NO;
				MTL_FAST_MATH = YES;
				SDKROOT = iphoneos;
				SWIFT_COMPILATION_MODE = wholemodule;
				VALIDATE_PRODUCT = YES;
			};
			name = Release;
		};
		417DC70F2C43DA1A006DEFF6 /* Debug */ = {
			isa = XCBuildConfiguration;
			buildSettings = {
				ASSETCATALOG_COMPILER_APPICON_NAME = AppIcon;
				ASSETCATALOG_COMPILER_GLOBAL_ACCENT_COLOR_NAME = AccentColor;
				CODE_SIGN_STYLE = Automatic;
				CURRENT_PROJECT_VERSION = 1;
				DEVELOPMENT_TEAM = 9UU59NTC96;
				GENERATE_INFOPLIST_FILE = YES;
				INFOPLIST_FILE = CoordinatorPattern_Sample1/Info.plist;
				INFOPLIST_KEY_UIApplicationSupportsIndirectInputEvents = YES;
				INFOPLIST_KEY_UILaunchStoryboardName = LaunchScreen;
				INFOPLIST_KEY_UISupportedInterfaceOrientations_iPad = "UIInterfaceOrientationPortrait UIInterfaceOrientationPortraitUpsideDown UIInterfaceOrientationLandscapeLeft UIInterfaceOrientationLandscapeRight";
				INFOPLIST_KEY_UISupportedInterfaceOrientations_iPhone = "UIInterfaceOrientationPortrait UIInterfaceOrientationLandscapeLeft UIInterfaceOrientationLandscapeRight";
				LD_RUNPATH_SEARCH_PATHS = (
					"$(inherited)",
					"@executable_path/Frameworks",
				);
				MARKETING_VERSION = 1.0;
				PRODUCT_BUNDLE_IDENTIFIER = "com.iOSDevRuel.CoordinatorPattern-Sample1";
				PRODUCT_NAME = "$(TARGET_NAME)";
				SWIFT_EMIT_LOC_STRINGS = YES;
				SWIFT_VERSION = 5.0;
				TARGETED_DEVICE_FAMILY = "1,2";
			};
			name = Debug;
		};
		417DC7102C43DA1A006DEFF6 /* Release */ = {
			isa = XCBuildConfiguration;
			buildSettings = {
				ASSETCATALOG_COMPILER_APPICON_NAME = AppIcon;
				ASSETCATALOG_COMPILER_GLOBAL_ACCENT_COLOR_NAME = AccentColor;
				CODE_SIGN_STYLE = Automatic;
				CURRENT_PROJECT_VERSION = 1;
				DEVELOPMENT_TEAM = 9UU59NTC96;
				GENERATE_INFOPLIST_FILE = YES;
				INFOPLIST_FILE = CoordinatorPattern_Sample1/Info.plist;
				INFOPLIST_KEY_UIApplicationSupportsIndirectInputEvents = YES;
				INFOPLIST_KEY_UILaunchStoryboardName = LaunchScreen;
				INFOPLIST_KEY_UISupportedInterfaceOrientations_iPad = "UIInterfaceOrientationPortrait UIInterfaceOrientationPortraitUpsideDown UIInterfaceOrientationLandscapeLeft UIInterfaceOrientationLandscapeRight";
				INFOPLIST_KEY_UISupportedInterfaceOrientations_iPhone = "UIInterfaceOrientationPortrait UIInterfaceOrientationLandscapeLeft UIInterfaceOrientationLandscapeRight";
				LD_RUNPATH_SEARCH_PATHS = (
					"$(inherited)",
					"@executable_path/Frameworks",
				);
				MARKETING_VERSION = 1.0;
				PRODUCT_BUNDLE_IDENTIFIER = "com.iOSDevRuel.CoordinatorPattern-Sample1";
				PRODUCT_NAME = "$(TARGET_NAME)";
				SWIFT_EMIT_LOC_STRINGS = YES;
				SWIFT_VERSION = 5.0;
				TARGETED_DEVICE_FAMILY = "1,2";
			};
			name = Release;
		};
		417DC7122C43DA1A006DEFF6 /* Debug */ = {
			isa = XCBuildConfiguration;
			buildSettings = {
				ALWAYS_EMBED_SWIFT_STANDARD_LIBRARIES = YES;
				BUNDLE_LOADER = "$(TEST_HOST)";
				CODE_SIGN_STYLE = Automatic;
				CURRENT_PROJECT_VERSION = 1;
				DEVELOPMENT_TEAM = 9UU59NTC96;
				GENERATE_INFOPLIST_FILE = YES;
				IPHONEOS_DEPLOYMENT_TARGET = 17.5;
				MARKETING_VERSION = 1.0;
				PRODUCT_BUNDLE_IDENTIFIER = "com.iOSDevRuel.CoordinatorPattern-Sample1Tests";
				PRODUCT_NAME = "$(TARGET_NAME)";
				SWIFT_EMIT_LOC_STRINGS = NO;
				SWIFT_VERSION = 5.0;
				TARGETED_DEVICE_FAMILY = "1,2";
				TEST_HOST = "$(BUILT_PRODUCTS_DIR)/CoordinatorPattern_Sample1.app/$(BUNDLE_EXECUTABLE_FOLDER_PATH)/CoordinatorPattern_Sample1";
			};
			name = Debug;
		};
		417DC7132C43DA1A006DEFF6 /* Release */ = {
			isa = XCBuildConfiguration;
			buildSettings = {
				ALWAYS_EMBED_SWIFT_STANDARD_LIBRARIES = YES;
				BUNDLE_LOADER = "$(TEST_HOST)";
				CODE_SIGN_STYLE = Automatic;
				CURRENT_PROJECT_VERSION = 1;
				DEVELOPMENT_TEAM = 9UU59NTC96;
				GENERATE_INFOPLIST_FILE = YES;
				IPHONEOS_DEPLOYMENT_TARGET = 17.5;
				MARKETING_VERSION = 1.0;
				PRODUCT_BUNDLE_IDENTIFIER = "com.iOSDevRuel.CoordinatorPattern-Sample1Tests";
				PRODUCT_NAME = "$(TARGET_NAME)";
				SWIFT_EMIT_LOC_STRINGS = NO;
				SWIFT_VERSION = 5.0;
				TARGETED_DEVICE_FAMILY = "1,2";
				TEST_HOST = "$(BUILT_PRODUCTS_DIR)/CoordinatorPattern_Sample1.app/$(BUNDLE_EXECUTABLE_FOLDER_PATH)/CoordinatorPattern_Sample1";
			};
			name = Release;
		};
		417DC7152C43DA1A006DEFF6 /* Debug */ = {
			isa = XCBuildConfiguration;
			buildSettings = {
				ALWAYS_EMBED_SWIFT_STANDARD_LIBRARIES = YES;
				CODE_SIGN_STYLE = Automatic;
				CURRENT_PROJECT_VERSION = 1;
				DEVELOPMENT_TEAM = 9UU59NTC96;
				GENERATE_INFOPLIST_FILE = YES;
				MARKETING_VERSION = 1.0;
				PRODUCT_BUNDLE_IDENTIFIER = "com.iOSDevRuel.CoordinatorPattern-Sample1UITests";
				PRODUCT_NAME = "$(TARGET_NAME)";
				SWIFT_EMIT_LOC_STRINGS = NO;
				SWIFT_VERSION = 5.0;
				TARGETED_DEVICE_FAMILY = "1,2";
				TEST_TARGET_NAME = CoordinatorPattern_Sample1;
			};
			name = Debug;
		};
		417DC7162C43DA1A006DEFF6 /* Release */ = {
			isa = XCBuildConfiguration;
			buildSettings = {
				ALWAYS_EMBED_SWIFT_STANDARD_LIBRARIES = YES;
				CODE_SIGN_STYLE = Automatic;
				CURRENT_PROJECT_VERSION = 1;
				DEVELOPMENT_TEAM = 9UU59NTC96;
				GENERATE_INFOPLIST_FILE = YES;
				MARKETING_VERSION = 1.0;
				PRODUCT_BUNDLE_IDENTIFIER = "com.iOSDevRuel.CoordinatorPattern-Sample1UITests";
				PRODUCT_NAME = "$(TARGET_NAME)";
				SWIFT_EMIT_LOC_STRINGS = NO;
				SWIFT_VERSION = 5.0;
				TARGETED_DEVICE_FAMILY = "1,2";
				TEST_TARGET_NAME = CoordinatorPattern_Sample1;
			};
			name = Release;
		};
/* End XCBuildConfiguration section */

/* Begin XCConfigurationList section */
		417DC6DF2C43DA19006DEFF6 /* Build configuration list for PBXProject "CoordinatorPattern_Sample1" */ = {
			isa = XCConfigurationList;
			buildConfigurations = (
				417DC70C2C43DA1A006DEFF6 /* Debug */,
				417DC70D2C43DA1A006DEFF6 /* Release */,
			);
			defaultConfigurationIsVisible = 0;
			defaultConfigurationName = Release;
		};
		417DC70E2C43DA1A006DEFF6 /* Build configuration list for PBXNativeTarget "CoordinatorPattern_Sample1" */ = {
			isa = XCConfigurationList;
			buildConfigurations = (
				417DC70F2C43DA1A006DEFF6 /* Debug */,
				417DC7102C43DA1A006DEFF6 /* Release */,
			);
			defaultConfigurationIsVisible = 0;
			defaultConfigurationName = Release;
		};
		417DC7112C43DA1A006DEFF6 /* Build configuration list for PBXNativeTarget "CoordinatorPattern_Sample1Tests" */ = {
			isa = XCConfigurationList;
			buildConfigurations = (
				417DC7122C43DA1A006DEFF6 /* Debug */,
				417DC7132C43DA1A006DEFF6 /* Release */,
			);
			defaultConfigurationIsVisible = 0;
			defaultConfigurationName = Release;
		};
		417DC7142C43DA1A006DEFF6 /* Build configuration list for PBXNativeTarget "CoordinatorPattern_Sample1UITests" */ = {
			isa = XCConfigurationList;
			buildConfigurations = (
				417DC7152C43DA1A006DEFF6 /* Debug */,
				417DC7162C43DA1A006DEFF6 /* Release */,
			);
			defaultConfigurationIsVisible = 0;
			defaultConfigurationName = Release;
		};
/* End XCConfigurationList section */

/* Begin XCRemoteSwiftPackageReference section */
		417DC7262C43DAA2006DEFF6 /* XCRemoteSwiftPackageReference "SnapKit" */ = {
			isa = XCRemoteSwiftPackageReference;
			repositoryURL = "https://github.com/SnapKit/SnapKit.git";
			requirement = {
				kind = upToNextMajorVersion;
				minimumVersion = 5.7.1;
			};
		};
/* End XCRemoteSwiftPackageReference section */

/* Begin XCSwiftPackageProductDependency section */
		417DC7272C43DAA2006DEFF6 /* SnapKit */ = {
			isa = XCSwiftPackageProductDependency;
			package = 417DC7262C43DAA2006DEFF6 /* XCRemoteSwiftPackageReference "SnapKit" */;
			productName = SnapKit;
		};
/* End XCSwiftPackageProductDependency section */
	};
	rootObject = 417DC6DC2C43DA19006DEFF6 /* Project object */;
}
